
Microsoft Visual Studio Solution File, Format Version 12.00
# Visual Studio Version 17
VisualStudioVersion = 17.0.31903.59
MinimumVisualStudioVersion = 10.0.40219.1
Project("{FAE04EC0-301F-11D3-BF4B-00C04F79EFBC}") = "cSharp1", "cSharp1\cSharp1.csproj", "{0F7265B9-B338-4DC9-B027-E7AF4B945FCA}"
EndProject
Global
	GlobalSection(SolutionConfigurationPlatforms) = preSolution
		Debug|Any CPU = Debug|Any CPU
		Debug|x64 = Debug|x64
		Debug|x86 = Debug|x86
		Release|Any CPU = Release|Any CPU
		Release|x64 = Release|x64
		Release|x86 = Release|x86
	EndGlobalSection
	GlobalSection(ProjectConfigurationPlatforms) = postSolution
		{0F7265B9-B338-4DC9-B027-E7AF4B945FCA}.Debug|Any CPU.ActiveCfg = Debug|Any CPU
		{0F7265B9-B338-4DC9-B027-E7AF4B945FCA}.Debug|Any CPU.Build.0 = Debug|Any CPU
		{0F7265B9-B338-4DC9-B027-E7AF4B945FCA}.Debug|x64.ActiveCfg = Debug|Any CPU
		{0F7265B9-B338-4DC9-B027-E7AF4B945FCA}.Debug|x64.Build.0 = Debug|Any CPU
		{0F7265B9-B338-4DC9-B027-E7AF4B945FCA}.Debug|x86.ActiveCfg = Debug|Any CPU
		{0F7265B9-B338-4DC9-B027-E7AF4B945FCA}.Debug|x86.Build.0 = Debug|Any CPU
		{0F7265B9-B338-4DC9-B027-E7AF4B945FCA}.Release|Any CPU.ActiveCfg = Release|Any CPU
		{0F7265B9-B338-4DC9-B027-E7AF4B945FCA}.Release|Any CPU.Build.0 = Release|Any CPU
		{0F7265B9-B338-4DC9-B027-E7AF4B945FCA}.Release|x64.ActiveCfg = Release|Any CPU
		{0F7265B9-B338-4DC9-B027-E7AF4B945FCA}.Release|x64.Build.0 = Release|Any CPU
		{0F7265B9-B338-4DC9-B027-E7AF4B945FCA}.Release|x86.ActiveCfg = Release|Any CPU
		{0F7265B9-B338-4DC9-B027-E7AF4B945FCA}.Release|x86.Build.0 = Release|Any CPU
	EndGlobalSection
	GlobalSection(SolutionProperties) = preSolution
		HideSolutionNode = FALSE
	EndGlobalSection
EndGlobal
